
Microsoft Visual Studio Solution File, Format Version 12.00
# Visual Studio Version 17
VisualStudioVersion = 17.8.34330.188
MinimumVisualStudioVersion = 10.0.40219.1
Project("{FAE04EC0-301F-11D3-BF4B-00C04F79EFBC}") = "WindowsFormsApp1", "WindowsFormsApp1.csproj", "{EBEEF191-61E9-4472-BB4B-B2DBBBFEFB11}"
EndProject
Project("{FAE04EC0-301F-11D3-BF4B-00C04F79EFBC}") = "REST_core", "..\REST_core\REST_core.csproj", "{0E93E097-5B6B-4ECE-862F-7006D124C131}"
EndProject
Global
	GlobalSection(SolutionConfigurationPlatforms) = preSolution
		Debug|Any CPU = Debug|Any CPU
		Release|Any CPU = Release|Any CPU
	EndGlobalSection
	GlobalSection(ProjectConfigurationPlatforms) = postSolution
		{EBEEF191-61E9-4472-BB4B-B2DBBBFEFB11}.Debug|Any CPU.ActiveCfg = Debug|Any CPU
		{EBEEF191-61E9-4472-BB4B-B2DBBBFEFB11}.Debug|Any CPU.Build.0 = Debug|Any CPU
		{EBEEF191-61E9-4472-BB4B-B2DBBBFEFB11}.Release|Any CPU.ActiveCfg = Release|Any CPU
		{EBEEF191-61E9-4472-BB4B-B2DBBBFEFB11}.Release|Any CPU.Build.0 = Release|Any CPU
		{0E93E097-5B6B-4ECE-862F-7006D124C131}.Debug|Any CPU.ActiveCfg = Debug|Any CPU
		{0E93E097-5B6B-4ECE-862F-7006D124C131}.Debug|Any CPU.Build.0 = Debug|Any CPU
		{0E93E097-5B6B-4ECE-862F-7006D124C131}.Release|Any CPU.ActiveCfg = Release|Any CPU
		{0E93E097-5B6B-4ECE-862F-7006D124C131}.Release|Any CPU.Build.0 = Release|Any CPU
	EndGlobalSection
	GlobalSection(SolutionProperties) = preSolution
		HideSolutionNode = FALSE
	EndGlobalSection
	GlobalSection(ExtensibilityGlobals) = postSolution
		SolutionGuid = {CA7513CC-1D3F-4FC0-B101-493CBA96458D}
	EndGlobalSection
EndGlobal
